// !$*UTF8*$!
{
	archiveVersion = 1;
	classes = {
	};
	objectVersion = 55;
	objects = {

/* Begin PBXBuildFile section */
		2B106FF228F74CFE00BA7B6B /* FirebaseImageView.swift in Sources */ = {isa = PBXBuildFile; fileRef = 2B106FF128F74CFE00BA7B6B /* FirebaseImageView.swift */; };
		2B15BE402874E506000BD57C /* imagePicker.swift in Sources */ = {isa = PBXBuildFile; fileRef = 2B15BE3F2874E506000BD57C /* imagePicker.swift */; };
		2B1FB966285F2E4D00C8E2D2 /* Assets.xcassets in Resources */ = {isa = PBXBuildFile; fileRef = 2B1FB965285F2E4D00C8E2D2 /* Assets.xcassets */; };
		2B1FB969285F2E4D00C8E2D2 /* Preview Assets.xcassets in Resources */ = {isa = PBXBuildFile; fileRef = 2B1FB968285F2E4D00C8E2D2 /* Preview Assets.xcassets */; };
		2B1FB970285F31F600C8E2D2 /* InitialPage.swift in Sources */ = {isa = PBXBuildFile; fileRef = 2B1FB96F285F31F600C8E2D2 /* InitialPage.swift */; };
		2B1FB972285F353700C8E2D2 /* customerLogin.swift in Sources */ = {isa = PBXBuildFile; fileRef = 2B1FB971285F353700C8E2D2 /* customerLogin.swift */; };
		2B1FB974285F354900C8E2D2 /* staffLogin.swift in Sources */ = {isa = PBXBuildFile; fileRef = 2B1FB973285F354900C8E2D2 /* staffLogin.swift */; };
		2B1FB977285F37FA00C8E2D2 /* ViewRouter.swift in Sources */ = {isa = PBXBuildFile; fileRef = 2B1FB976285F37FA00C8E2D2 /* ViewRouter.swift */; };
		2B1FB979285F382A00C8E2D2 /* Authentication.swift in Sources */ = {isa = PBXBuildFile; fileRef = 2B1FB978285F382A00C8E2D2 /* Authentication.swift */; };
		2B1FB97B285F386100C8E2D2 /* StaffSignUp.swift in Sources */ = {isa = PBXBuildFile; fileRef = 2B1FB97A285F386100C8E2D2 /* StaffSignUp.swift */; };
		2B1FB980285F39C900C8E2D2 /* FirebaseAnalytics in Frameworks */ = {isa = PBXBuildFile; productRef = 2B1FB97F285F39C900C8E2D2 /* FirebaseAnalytics */; };
		2B1FB982285F39C900C8E2D2 /* FirebaseAuth in Frameworks */ = {isa = PBXBuildFile; productRef = 2B1FB981285F39C900C8E2D2 /* FirebaseAuth */; };
		2B1FB984285F39C900C8E2D2 /* FirebaseFirestore in Frameworks */ = {isa = PBXBuildFile; productRef = 2B1FB983285F39C900C8E2D2 /* FirebaseFirestore */; };
		2B1FB986285F39C900C8E2D2 /* FirebaseStorage in Frameworks */ = {isa = PBXBuildFile; productRef = 2B1FB985285F39C900C8E2D2 /* FirebaseStorage */; };
		2B1FB988285F39C900C8E2D2 /* FirebaseStorageCombine-Community in Frameworks */ = {isa = PBXBuildFile; productRef = 2B1FB987285F39C900C8E2D2 /* FirebaseStorageCombine-Community */; };
		2B1FB98A285F3A3800C8E2D2 /* MotherView.swift in Sources */ = {isa = PBXBuildFile; fileRef = 2B1FB989285F3A3800C8E2D2 /* MotherView.swift */; };
		2B1FB98C285F3A7800C8E2D2 /* TabBarView.swift in Sources */ = {isa = PBXBuildFile; fileRef = 2B1FB98B285F3A7800C8E2D2 /* TabBarView.swift */; };
		2B1FB98F285F3C4500C8E2D2 /* FirebaseAuth in Frameworks */ = {isa = PBXBuildFile; productRef = 2B1FB98E285F3C4500C8E2D2 /* FirebaseAuth */; };
		2B1FB994285F3DFF00C8E2D2 /* FirebaseFirestoreSwift in Frameworks */ = {isa = PBXBuildFile; productRef = 2B1FB993285F3DFF00C8E2D2 /* FirebaseFirestoreSwift */; };
		2B1FB99F285F497900C8E2D2 /* House.swift in Sources */ = {isa = PBXBuildFile; fileRef = 2B1FB99E285F497900C8E2D2 /* House.swift */; };
		2B1FB9A1285F4B6A00C8E2D2 /* houseListView.swift in Sources */ = {isa = PBXBuildFile; fileRef = 2B1FB9A0285F4B6A00C8E2D2 /* houseListView.swift */; };
		2B1FB9A3285F4CCC00C8E2D2 /* HouseViewModel.swift in Sources */ = {isa = PBXBuildFile; fileRef = 2B1FB9A2285F4CCC00C8E2D2 /* HouseViewModel.swift */; };
		2B1FB9A5285F4E4900C8E2D2 /* HousesViewModel.swift in Sources */ = {isa = PBXBuildFile; fileRef = 2B1FB9A4285F4E4900C8E2D2 /* HousesViewModel.swift */; };
		2B1FB9A9285F550100C8E2D2 /* housesListView.swift in Sources */ = {isa = PBXBuildFile; fileRef = 2B1FB9A8285F550100C8E2D2 /* housesListView.swift */; };
		2B1FB9AB285F564C00C8E2D2 /* HouseDetailsView.swift in Sources */ = {isa = PBXBuildFile; fileRef = 2B1FB9AA285F564C00C8E2D2 /* HouseDetailsView.swift */; };
		2B625B6428AD94960069B3A7 /* searchBarPage.swift in Sources */ = {isa = PBXBuildFile; fileRef = 2B625B6328AD94960069B3A7 /* searchBarPage.swift */; };
		2B6AA07728995887006AA08C /* PropertyDetailsPage.swift in Sources */ = {isa = PBXBuildFile; fileRef = 2B6AA07628995887006AA08C /* PropertyDetailsPage.swift */; };
		2B77DBA8287A24CA006EDB49 /* GoogleService-Info.plist in Resources */ = {isa = PBXBuildFile; fileRef = 2B77DBA7287A24CA006EDB49 /* GoogleService-Info.plist */; };
		2B867AD52863CB2E00DCD8E7 /* newViews.swift in Sources */ = {isa = PBXBuildFile; fileRef = 2B867AD42863C30600DCD8E7 /* newViews.swift */; };
		2BA1039E28A8531600FDC227 /* SDWebImageSwiftUI in Frameworks */ = {isa = PBXBuildFile; productRef = 2BA1039D28A8531600FDC227 /* SDWebImageSwiftUI */; };
		2BA3C9F328AEBD3700514E12 /* Contact.swift in Sources */ = {isa = PBXBuildFile; fileRef = 2BA3C9F228AEBD3700514E12 /* Contact.swift */; };
		2BA4671328620FFE006600E0 /* customerLoginPage.swift in Sources */ = {isa = PBXBuildFile; fileRef = 2BA4671228620FFE006600E0 /* customerLoginPage.swift */; };
		2BA467152862113A006600E0 /* customerViewHouses.swift in Sources */ = {isa = PBXBuildFile; fileRef = 2BA467142862113A006600E0 /* customerViewHouses.swift */; };
		2BA46717286244BA006600E0 /* requestEdits.swift in Sources */ = {isa = PBXBuildFile; fileRef = 2BA46716286244BA006600E0 /* requestEdits.swift */; };
		2BA4671928624A41006600E0 /* requestingEdits.swift in Sources */ = {isa = PBXBuildFile; fileRef = 2BA4671828624A41006600E0 /* requestingEdits.swift */; };
		2BC3564728AAE6A300EED967 /* testPage.swift in Sources */ = {isa = PBXBuildFile; fileRef = 2BC3564628AAE6A300EED967 /* testPage.swift */; };
		2BC3564928ABE75200EED967 /* EmailAgent.swift in Sources */ = {isa = PBXBuildFile; fileRef = 2BC3564828ABE75200EED967 /* EmailAgent.swift */; };
		2BC3564B28ABEA7500EED967 /* AgentModel.swift in Sources */ = {isa = PBXBuildFile; fileRef = 2BC3564A28ABEA7500EED967 /* AgentModel.swift */; };
		2BC3564D28ABEB6D00EED967 /* AgentModelView.swift in Sources */ = {isa = PBXBuildFile; fileRef = 2BC3564C28ABEB6D00EED967 /* AgentModelView.swift */; };
		2BC3564F28AC3C9D00EED967 /* requestsModel.swift in Sources */ = {isa = PBXBuildFile; fileRef = 2BC3564E28AC3C9D00EED967 /* requestsModel.swift */; };
		2BC57C7628A9A12A0038F6A4 /* SDWebImageSwiftUI in Frameworks */ = {isa = PBXBuildFile; productRef = 2BC57C7528A9A12A0038F6A4 /* SDWebImageSwiftUI */; };
		2BD57CF328D12C8900F57BED /* Detail.swift in Sources */ = {isa = PBXBuildFile; fileRef = 2BD57CF228D12C8900F57BED /* Detail.swift */; };
		2BDD9BC228F344DE0066F638 /* TitleView.swift in Sources */ = {isa = PBXBuildFile; fileRef = 2BDD9BC128F344DE0066F638 /* TitleView.swift */; };
		2BDEEAE9287CC661009E92AA /* UploadScreen.swift in Sources */ = {isa = PBXBuildFile; fileRef = 2BDEEAE8287CC661009E92AA /* UploadScreen.swift */; };
		2BDEEAEB287CC66C009E92AA /* PostImageView.swift in Sources */ = {isa = PBXBuildFile; fileRef = 2BDEEAEA287CC66C009E92AA /* PostImageView.swift */; };
		2BDEEAEF287CC68B009E92AA /* DataService.swift in Sources */ = {isa = PBXBuildFile; fileRef = 2BDEEAEE287CC68B009E92AA /* DataService.swift */; };
		2BDEEAF1287CC6B0009E92AA /* AuthService.swift in Sources */ = {isa = PBXBuildFile; fileRef = 2BDEEAF0287CC6B0009E92AA /* AuthService.swift */; };
		2BDEEAF3287CC6E3009E92AA /* Enums & Structs.swift in Sources */ = {isa = PBXBuildFile; fileRef = 2BDEEAF2287CC6E2009E92AA /* Enums & Structs.swift */; };
		2BDEEAF5287CC6FC009E92AA /* ImageManager.swift in Sources */ = {isa = PBXBuildFile; fileRef = 2BDEEAF4287CC6FC009E92AA /* ImageManager.swift */; };
		2BDEEAF7287CCED0009E92AA /* PostModel.swift in Sources */ = {isa = PBXBuildFile; fileRef = 2BDEEAF6287CCED0009E92AA /* PostModel.swift */; };
		2BDEEAF9287CD05C009E92AA /* FeedView.swift in Sources */ = {isa = PBXBuildFile; fileRef = 2BDEEAF8287CD05C009E92AA /* FeedView.swift */; };
		2BDEEAFB287CD090009E92AA /* PostModelArray.swift in Sources */ = {isa = PBXBuildFile; fileRef = 2BDEEAFA287CD090009E92AA /* PostModelArray.swift */; };
		2BDEEAFD287CD0A5009E92AA /* PostView.swift in Sources */ = {isa = PBXBuildFile; fileRef = 2BDEEAFC287CD0A5009E92AA /* PostView.swift */; };
		2BDEEAFF287CD0DD009E92AA /* LazyView.swift in Sources */ = {isa = PBXBuildFile; fileRef = 2BDEEAFE287CD0DD009E92AA /* LazyView.swift */; };
		2BEB400B28F4AB500022F75F /* ImagePicker.swift in Sources */ = {isa = PBXBuildFile; fileRef = 2BEB400A28F4AB500022F75F /* ImagePicker.swift */; };
/* End PBXBuildFile section */

/* Begin PBXFileReference section */
		2B106FF128F74CFE00BA7B6B /* FirebaseImageView.swift */ = {isa = PBXFileReference; fileEncoding = 4; lastKnownFileType = sourcecode.swift; path = FirebaseImageView.swift; sourceTree = "<group>"; };
		2B15BE3F2874E506000BD57C /* imagePicker.swift */ = {isa = PBXFileReference; lastKnownFileType = sourcecode.swift; path = imagePicker.swift; sourceTree = "<group>"; };
		2B1FB95E285F2E4800C8E2D2 /* Housing Application.app */ = {isa = PBXFileReference; explicitFileType = wrapper.application; includeInIndex = 0; path = "Housing Application.app"; sourceTree = BUILT_PRODUCTS_DIR; };
		2B1FB965285F2E4D00C8E2D2 /* Assets.xcassets */ = {isa = PBXFileReference; lastKnownFileType = folder.assetcatalog; path = Assets.xcassets; sourceTree = "<group>"; };
		2B1FB968285F2E4D00C8E2D2 /* Preview Assets.xcassets */ = {isa = PBXFileReference; lastKnownFileType = folder.assetcatalog; path = "Preview Assets.xcassets"; sourceTree = "<group>"; };
		2B1FB96F285F31F600C8E2D2 /* InitialPage.swift */ = {isa = PBXFileReference; lastKnownFileType = sourcecode.swift; path = InitialPage.swift; sourceTree = "<group>"; };
		2B1FB971285F353700C8E2D2 /* customerLogin.swift */ = {isa = PBXFileReference; lastKnownFileType = sourcecode.swift; path = customerLogin.swift; sourceTree = "<group>"; };
		2B1FB973285F354900C8E2D2 /* staffLogin.swift */ = {isa = PBXFileReference; lastKnownFileType = sourcecode.swift; path = staffLogin.swift; sourceTree = "<group>"; };
		2B1FB976285F37FA00C8E2D2 /* ViewRouter.swift */ = {isa = PBXFileReference; lastKnownFileType = sourcecode.swift; path = ViewRouter.swift; sourceTree = "<group>"; };
		2B1FB978285F382A00C8E2D2 /* Authentication.swift */ = {isa = PBXFileReference; lastKnownFileType = sourcecode.swift; path = Authentication.swift; sourceTree = "<group>"; };
		2B1FB97A285F386100C8E2D2 /* StaffSignUp.swift */ = {isa = PBXFileReference; lastKnownFileType = sourcecode.swift; path = StaffSignUp.swift; sourceTree = "<group>"; };
		2B1FB989285F3A3800C8E2D2 /* MotherView.swift */ = {isa = PBXFileReference; lastKnownFileType = sourcecode.swift; path = MotherView.swift; sourceTree = "<group>"; };
		2B1FB98B285F3A7800C8E2D2 /* TabBarView.swift */ = {isa = PBXFileReference; lastKnownFileType = sourcecode.swift; path = TabBarView.swift; sourceTree = "<group>"; };
		2B1FB99E285F497900C8E2D2 /* House.swift */ = {isa = PBXFileReference; lastKnownFileType = sourcecode.swift; path = House.swift; sourceTree = "<group>"; };
		2B1FB9A0285F4B6A00C8E2D2 /* houseListView.swift */ = {isa = PBXFileReference; lastKnownFileType = sourcecode.swift; path = houseListView.swift; sourceTree = "<group>"; };
		2B1FB9A2285F4CCC00C8E2D2 /* HouseViewModel.swift */ = {isa = PBXFileReference; lastKnownFileType = sourcecode.swift; path = HouseViewModel.swift; sourceTree = "<group>"; };
		2B1FB9A4285F4E4900C8E2D2 /* HousesViewModel.swift */ = {isa = PBXFileReference; lastKnownFileType = sourcecode.swift; path = HousesViewModel.swift; sourceTree = "<group>"; };
		2B1FB9A8285F550100C8E2D2 /* housesListView.swift */ = {isa = PBXFileReference; lastKnownFileType = sourcecode.swift; path = housesListView.swift; sourceTree = "<group>"; };
		2B1FB9AA285F564C00C8E2D2 /* HouseDetailsView.swift */ = {isa = PBXFileReference; lastKnownFileType = sourcecode.swift; path = HouseDetailsView.swift; sourceTree = "<group>"; };
		2B625B6328AD94960069B3A7 /* searchBarPage.swift */ = {isa = PBXFileReference; lastKnownFileType = sourcecode.swift; path = searchBarPage.swift; sourceTree = "<group>"; };
		2B6AA07628995887006AA08C /* PropertyDetailsPage.swift */ = {isa = PBXFileReference; lastKnownFileType = sourcecode.swift; path = PropertyDetailsPage.swift; sourceTree = "<group>"; };
		2B77DBA7287A24CA006EDB49 /* GoogleService-Info.plist */ = {isa = PBXFileReference; fileEncoding = 4; lastKnownFileType = text.plist.xml; path = "GoogleService-Info.plist"; sourceTree = "<group>"; };
		2B867AD42863C30600DCD8E7 /* newViews.swift */ = {isa = PBXFileReference; lastKnownFileType = sourcecode.swift; name = newViews.swift; path = ../imageCreation/newViews.swift; sourceTree = "<group>"; };
		2BA3C9F228AEBD3700514E12 /* Contact.swift */ = {isa = PBXFileReference; lastKnownFileType = sourcecode.swift; path = Contact.swift; sourceTree = "<group>"; };
		2BA4671228620FFE006600E0 /* customerLoginPage.swift */ = {isa = PBXFileReference; lastKnownFileType = sourcecode.swift; path = customerLoginPage.swift; sourceTree = "<group>"; };
		2BA467142862113A006600E0 /* customerViewHouses.swift */ = {isa = PBXFileReference; lastKnownFileType = sourcecode.swift; path = customerViewHouses.swift; sourceTree = "<group>"; };
		2BA46716286244BA006600E0 /* requestEdits.swift */ = {isa = PBXFileReference; lastKnownFileType = sourcecode.swift; path = requestEdits.swift; sourceTree = "<group>"; };
		2BA4671828624A41006600E0 /* requestingEdits.swift */ = {isa = PBXFileReference; lastKnownFileType = sourcecode.swift; path = requestingEdits.swift; sourceTree = "<group>"; };
		2BC3564628AAE6A300EED967 /* testPage.swift */ = {isa = PBXFileReference; lastKnownFileType = sourcecode.swift; path = testPage.swift; sourceTree = "<group>"; };
		2BC3564828ABE75200EED967 /* EmailAgent.swift */ = {isa = PBXFileReference; lastKnownFileType = sourcecode.swift; path = EmailAgent.swift; sourceTree = "<group>"; };
		2BC3564A28ABEA7500EED967 /* AgentModel.swift */ = {isa = PBXFileReference; lastKnownFileType = sourcecode.swift; path = AgentModel.swift; sourceTree = "<group>"; };
		2BC3564C28ABEB6D00EED967 /* AgentModelView.swift */ = {isa = PBXFileReference; lastKnownFileType = sourcecode.swift; path = AgentModelView.swift; sourceTree = "<group>"; };
		2BC3564E28AC3C9D00EED967 /* requestsModel.swift */ = {isa = PBXFileReference; lastKnownFileType = sourcecode.swift; path = requestsModel.swift; sourceTree = "<group>"; };
		2BD57CF228D12C8900F57BED /* Detail.swift */ = {isa = PBXFileReference; lastKnownFileType = sourcecode.swift; path = Detail.swift; sourceTree = "<group>"; };
		2BDD9BC128F344DE0066F638 /* TitleView.swift */ = {isa = PBXFileReference; fileEncoding = 4; lastKnownFileType = sourcecode.swift; path = TitleView.swift; sourceTree = "<group>"; };
		2BDEEAE8287CC661009E92AA /* UploadScreen.swift */ = {isa = PBXFileReference; fileEncoding = 4; lastKnownFileType = sourcecode.swift; path = UploadScreen.swift; sourceTree = "<group>"; };
		2BDEEAEA287CC66C009E92AA /* PostImageView.swift */ = {isa = PBXFileReference; fileEncoding = 4; lastKnownFileType = sourcecode.swift; path = PostImageView.swift; sourceTree = "<group>"; };
		2BDEEAEE287CC68B009E92AA /* DataService.swift */ = {isa = PBXFileReference; fileEncoding = 4; lastKnownFileType = sourcecode.swift; path = DataService.swift; sourceTree = "<group>"; };
		2BDEEAF0287CC6B0009E92AA /* AuthService.swift */ = {isa = PBXFileReference; fileEncoding = 4; lastKnownFileType = sourcecode.swift; path = AuthService.swift; sourceTree = "<group>"; };
		2BDEEAF2287CC6E2009E92AA /* Enums & Structs.swift */ = {isa = PBXFileReference; fileEncoding = 4; lastKnownFileType = sourcecode.swift; path = "Enums & Structs.swift"; sourceTree = "<group>"; };
		2BDEEAF4287CC6FC009E92AA /* ImageManager.swift */ = {isa = PBXFileReference; fileEncoding = 4; lastKnownFileType = sourcecode.swift; path = ImageManager.swift; sourceTree = "<group>"; };
		2BDEEAF6287CCED0009E92AA /* PostModel.swift */ = {isa = PBXFileReference; fileEncoding = 4; lastKnownFileType = sourcecode.swift; path = PostModel.swift; sourceTree = "<group>"; };
		2BDEEAF8287CD05C009E92AA /* FeedView.swift */ = {isa = PBXFileReference; fileEncoding = 4; lastKnownFileType = sourcecode.swift; path = FeedView.swift; sourceTree = "<group>"; };
		2BDEEAFA287CD090009E92AA /* PostModelArray.swift */ = {isa = PBXFileReference; fileEncoding = 4; lastKnownFileType = sourcecode.swift; path = PostModelArray.swift; sourceTree = "<group>"; };
		2BDEEAFC287CD0A5009E92AA /* PostView.swift */ = {isa = PBXFileReference; fileEncoding = 4; lastKnownFileType = sourcecode.swift; path = PostView.swift; sourceTree = "<group>"; };
		2BDEEAFE287CD0DD009E92AA /* LazyView.swift */ = {isa = PBXFileReference; fileEncoding = 4; lastKnownFileType = sourcecode.swift; path = LazyView.swift; sourceTree = "<group>"; };
		2BEB400A28F4AB500022F75F /* ImagePicker.swift */ = {isa = PBXFileReference; fileEncoding = 4; lastKnownFileType = sourcecode.swift; name = ImagePicker.swift; path = "../../../../Desktop/xcode stuff/GramGan-main/social media/Views/SubViews/ImagePicker.swift"; sourceTree = "<group>"; };
/* End PBXFileReference section */

/* Begin PBXFrameworksBuildPhase section */
		2B1FB95B285F2E4800C8E2D2 /* Frameworks */ = {
			isa = PBXFrameworksBuildPhase;
			buildActionMask = 2147483647;
			files = (
				2B1FB980285F39C900C8E2D2 /* FirebaseAnalytics in Frameworks */,
				2B1FB98F285F3C4500C8E2D2 /* FirebaseAuth in Frameworks */,
				2B1FB986285F39C900C8E2D2 /* FirebaseStorage in Frameworks */,
				2BC57C7628A9A12A0038F6A4 /* SDWebImageSwiftUI in Frameworks */,
				2B1FB994285F3DFF00C8E2D2 /* FirebaseFirestoreSwift in Frameworks */,
				2BA1039E28A8531600FDC227 /* SDWebImageSwiftUI in Frameworks */,
				2B1FB988285F39C900C8E2D2 /* FirebaseStorageCombine-Community in Frameworks */,
				2B1FB982285F39C900C8E2D2 /* FirebaseAuth in Frameworks */,
				2B1FB984285F39C900C8E2D2 /* FirebaseFirestore in Frameworks */,
			);
			runOnlyForDeploymentPostprocessing = 0;
		};
/* End PBXFrameworksBuildPhase section */

/* Begin PBXGroup section */
		2B1FB955285F2E4800C8E2D2 = {
			isa = PBXGroup;
			children = (
				2B1FB960285F2E4800C8E2D2 /* Housing Application */,
				2B1FB95F285F2E4800C8E2D2 /* Products */,
			);
			sourceTree = "<group>";
		};
		2B1FB95F285F2E4800C8E2D2 /* Products */ = {
			isa = PBXGroup;
			children = (
				2B1FB95E285F2E4800C8E2D2 /* Housing Application.app */,
			);
			name = Products;
			sourceTree = "<group>";
		};
		2B1FB960285F2E4800C8E2D2 /* Housing Application */ = {
			isa = PBXGroup;
			children = (
				2BA3C9F428AEC32C00514E12 /* Requests */,
				2BA3C9F128AEBD2400514E12 /* Contact */,
				2B625B6228AD94800069B3A7 /* searchBar */,
				2BA4671128620F78006600E0 /* customerPages */,
				2B1FB99D285F495F00C8E2D2 /* Houses */,
				2B1FB99C285F450500C8E2D2 /* StaffPages */,
				2B1FB975285F355A00C8E2D2 /* logins */,
				2B1FB997285F446000C8E2D2 /* authenticationSetup */,
				2B1FB965285F2E4D00C8E2D2 /* Assets.xcassets */,
				2B77DBA7287A24CA006EDB49 /* GoogleService-Info.plist */,
				2B1FB967285F2E4D00C8E2D2 /* Preview Content */,
			);
			path = "Housing Application";
			sourceTree = "<group>";
		};
		2B1FB967285F2E4D00C8E2D2 /* Preview Content */ = {
			isa = PBXGroup;
			children = (
				2B1FB968285F2E4D00C8E2D2 /* Preview Assets.xcassets */,
			);
			path = "Preview Content";
			sourceTree = "<group>";
		};
		2B1FB975285F355A00C8E2D2 /* logins */ = {
			isa = PBXGroup;
			children = (
				2B1FB96F285F31F600C8E2D2 /* InitialPage.swift */,
				2B1FB971285F353700C8E2D2 /* customerLogin.swift */,
				2B1FB973285F354900C8E2D2 /* staffLogin.swift */,
				2B1FB97A285F386100C8E2D2 /* StaffSignUp.swift */,
			);
			path = logins;
			sourceTree = "<group>";
		};
		2B1FB997285F446000C8E2D2 /* authenticationSetup */ = {
			isa = PBXGroup;
			children = (
				2B1FB989285F3A3800C8E2D2 /* MotherView.swift */,
				2B1FB976285F37FA00C8E2D2 /* ViewRouter.swift */,
				2B1FB978285F382A00C8E2D2 /* Authentication.swift */,
			);
			path = authenticationSetup;
			sourceTree = "<group>";
		};
		2B1FB99C285F450500C8E2D2 /* StaffPages */ = {
			isa = PBXGroup;
			children = (
				2B15BE3F2874E506000BD57C /* imagePicker.swift */,
				2BDEEAF0287CC6B0009E92AA /* AuthService.swift */,
				2BDEEAEE287CC68B009E92AA /* DataService.swift */,
				2BDEEAFE287CD0DD009E92AA /* LazyView.swift */,
				2BDEEAF4287CC6FC009E92AA /* ImageManager.swift */,
				2BDEEAF2287CC6E2009E92AA /* Enums & Structs.swift */,
				2BEB400A28F4AB500022F75F /* ImagePicker.swift */,
				2BDEEAE8287CC661009E92AA /* UploadScreen.swift */,
				2BDEEAFA287CD090009E92AA /* PostModelArray.swift */,
				2BDEEAFC287CD0A5009E92AA /* PostView.swift */,
				2BDEEAF8287CD05C009E92AA /* FeedView.swift */,
				2BDEEAEA287CC66C009E92AA /* PostImageView.swift */,
				2BDEEAF6287CCED0009E92AA /* PostModel.swift */,
				2B106FF128F74CFE00BA7B6B /* FirebaseImageView.swift */,
				2B1FB98B285F3A7800C8E2D2 /* TabBarView.swift */,
				2B6AA07628995887006AA08C /* PropertyDetailsPage.swift */,
				2BC3564628AAE6A300EED967 /* testPage.swift */,
				2BDD9BC128F344DE0066F638 /* TitleView.swift */,
			);
			path = StaffPages;
			sourceTree = "<group>";
		};
		2B1FB99D285F495F00C8E2D2 /* Houses */ = {
			isa = PBXGroup;
			children = (
				2B1FB99E285F497900C8E2D2 /* House.swift */,
				2B1FB9A0285F4B6A00C8E2D2 /* houseListView.swift */,
				2B1FB9A2285F4CCC00C8E2D2 /* HouseViewModel.swift */,
				2B1FB9A4285F4E4900C8E2D2 /* HousesViewModel.swift */,
				2B1FB9A8285F550100C8E2D2 /* housesListView.swift */,
				2B1FB9AA285F564C00C8E2D2 /* HouseDetailsView.swift */,
			);
			path = Houses;
			sourceTree = "<group>";
		};
		2B625B6228AD94800069B3A7 /* searchBar */ = {
			isa = PBXGroup;
			children = (
				2B625B6328AD94960069B3A7 /* searchBarPage.swift */,
				2BD57CF228D12C8900F57BED /* Detail.swift */,
			);
			path = searchBar;
			sourceTree = "<group>";
		};
		2BA3C9F128AEBD2400514E12 /* Contact */ = {
			isa = PBXGroup;
			children = (
				2BA3C9F228AEBD3700514E12 /* Contact.swift */,
			);
			path = Contact;
			sourceTree = "<group>";
		};
		2BA3C9F428AEC32C00514E12 /* Requests */ = {
			isa = PBXGroup;
			children = (
				2BC3564A28ABEA7500EED967 /* AgentModel.swift */,
				2BC3564E28AC3C9D00EED967 /* requestsModel.swift */,
				2BC3564828ABE75200EED967 /* EmailAgent.swift */,
				2BC3564C28ABEB6D00EED967 /* AgentModelView.swift */,
			);
			path = Requests;
			sourceTree = "<group>";
		};
		2BA4671128620F78006600E0 /* customerPages */ = {
			isa = PBXGroup;
			children = (
				2BA4671228620FFE006600E0 /* customerLoginPage.swift */,
				2BA467142862113A006600E0 /* customerViewHouses.swift */,
				2BA46716286244BA006600E0 /* requestEdits.swift */,
				2BA4671828624A41006600E0 /* requestingEdits.swift */,
				2B867AD42863C30600DCD8E7 /* newViews.swift */,
			);
			path = customerPages;
			sourceTree = "<group>";
		};
/* End PBXGroup section */

/* Begin PBXNativeTarget section */
		2B1FB95D285F2E4800C8E2D2 /* Housing Application */ = {
			isa = PBXNativeTarget;
			buildConfigurationList = 2B1FB96C285F2E4D00C8E2D2 /* Build configuration list for PBXNativeTarget "Housing Application" */;
			buildPhases = (
				2B1FB95A285F2E4800C8E2D2 /* Sources */,
				2B1FB95B285F2E4800C8E2D2 /* Frameworks */,
				2B1FB95C285F2E4800C8E2D2 /* Resources */,
			);
			buildRules = (
			);
			dependencies = (
			);
			name = "Housing Application";
			packageProductDependencies = (
				2B1FB97F285F39C900C8E2D2 /* FirebaseAnalytics */,
				2B1FB981285F39C900C8E2D2 /* FirebaseAuth */,
				2B1FB983285F39C900C8E2D2 /* FirebaseFirestore */,
				2B1FB985285F39C900C8E2D2 /* FirebaseStorage */,
				2B1FB987285F39C900C8E2D2 /* FirebaseStorageCombine-Community */,
				2B1FB98E285F3C4500C8E2D2 /* FirebaseAuth */,
				2B1FB993285F3DFF00C8E2D2 /* FirebaseFirestoreSwift */,
				2BA1039D28A8531600FDC227 /* SDWebImageSwiftUI */,
				2BC57C7528A9A12A0038F6A4 /* SDWebImageSwiftUI */,
			);
			productName = "Housing Application";
			productReference = 2B1FB95E285F2E4800C8E2D2 /* Housing Application.app */;
			productType = "com.apple.product-type.application";
		};
/* End PBXNativeTarget section */

/* Begin PBXProject section */
		2B1FB956285F2E4800C8E2D2 /* Project object */ = {
			isa = PBXProject;
			attributes = {
				BuildIndependentTargetsInParallel = 1;
				LastSwiftUpdateCheck = 1340;
				LastUpgradeCheck = 1340;
				TargetAttributes = {
					2B1FB95D285F2E4800C8E2D2 = {
						CreatedOnToolsVersion = 13.4.1;
					};
				};
			};
			buildConfigurationList = 2B1FB959285F2E4800C8E2D2 /* Build configuration list for PBXProject "Housing Application" */;
			compatibilityVersion = "Xcode 13.0";
			developmentRegion = en;
			hasScannedForEncodings = 0;
			knownRegions = (
				en,
				Base,
			);
			mainGroup = 2B1FB955285F2E4800C8E2D2;
			packageReferences = (
				2B1FB97E285F39C900C8E2D2 /* XCRemoteSwiftPackageReference "firebase-ios-sdk" */,
				2B1FB98D285F3C4500C8E2D2 /* XCRemoteSwiftPackageReference "firebase-ios-sdk" */,
				2B1FB992285F3DFF00C8E2D2 /* XCRemoteSwiftPackageReference "firebase-ios-sdk" */,
				2B38713A2868F08D009E1020 /* XCRemoteSwiftPackageReference "firebase-ios-sdk" */,
				2BA1039C28A8531600FDC227 /* XCRemoteSwiftPackageReference "SDWebImageSwiftUI" */,
				2BC57C7428A9A12A0038F6A4 /* XCRemoteSwiftPackageReference "SDWebImageSwiftUI" */,
			);
			productRefGroup = 2B1FB95F285F2E4800C8E2D2 /* Products */;
			projectDirPath = "";
			projectRoot = "";
			targets = (
				2B1FB95D285F2E4800C8E2D2 /* Housing Application */,
			);
		};
/* End PBXProject section */

/* Begin PBXResourcesBuildPhase section */
		2B1FB95C285F2E4800C8E2D2 /* Resources */ = {
			isa = PBXResourcesBuildPhase;
			buildActionMask = 2147483647;
			files = (
				2B1FB969285F2E4D00C8E2D2 /* Preview Assets.xcassets in Resources */,
				2B77DBA8287A24CA006EDB49 /* GoogleService-Info.plist in Resources */,
				2B1FB966285F2E4D00C8E2D2 /* Assets.xcassets in Resources */,
			);
			runOnlyForDeploymentPostprocessing = 0;
		};
/* End PBXResourcesBuildPhase section */

/* Begin PBXSourcesBuildPhase section */
		2B1FB95A285F2E4800C8E2D2 /* Sources */ = {
			isa = PBXSourcesBuildPhase;
			buildActionMask = 2147483647;
			files = (
				2BC3564D28ABEB6D00EED967 /* AgentModelView.swift in Sources */,
				2B1FB979285F382A00C8E2D2 /* Authentication.swift in Sources */,
				2BDEEAF5287CC6FC009E92AA /* ImageManager.swift in Sources */,
				2BA3C9F328AEBD3700514E12 /* Contact.swift in Sources */,
				2BC3564728AAE6A300EED967 /* testPage.swift in Sources */,
				2B6AA07728995887006AA08C /* PropertyDetailsPage.swift in Sources */,
				2BC3564B28ABEA7500EED967 /* AgentModel.swift in Sources */,
				2B1FB972285F353700C8E2D2 /* customerLogin.swift in Sources */,
				2B106FF228F74CFE00BA7B6B /* FirebaseImageView.swift in Sources */,
				2B1FB98C285F3A7800C8E2D2 /* TabBarView.swift in Sources */,
				2B625B6428AD94960069B3A7 /* searchBarPage.swift in Sources */,
				2BDEEAFF287CD0DD009E92AA /* LazyView.swift in Sources */,
				2B15BE402874E506000BD57C /* imagePicker.swift in Sources */,
				2BDD9BC228F344DE0066F638 /* TitleView.swift in Sources */,
				2B1FB9AB285F564C00C8E2D2 /* HouseDetailsView.swift in Sources */,
				2BDEEAEF287CC68B009E92AA /* DataService.swift in Sources */,
				2B1FB98A285F3A3800C8E2D2 /* MotherView.swift in Sources */,
				2BA4671928624A41006600E0 /* requestingEdits.swift in Sources */,
				2BDEEAF3287CC6E3009E92AA /* Enums & Structs.swift in Sources */,
				2BDEEAFB287CD090009E92AA /* PostModelArray.swift in Sources */,
				2BA46717286244BA006600E0 /* requestEdits.swift in Sources */,
				2BC3564928ABE75200EED967 /* EmailAgent.swift in Sources */,
				2B867AD52863CB2E00DCD8E7 /* newViews.swift in Sources */,
				2BA4671328620FFE006600E0 /* customerLoginPage.swift in Sources */,
				2BDEEAF1287CC6B0009E92AA /* AuthService.swift in Sources */,
				2B1FB977285F37FA00C8E2D2 /* ViewRouter.swift in Sources */,
				2BA467152862113A006600E0 /* customerViewHouses.swift in Sources */,
				2BC3564F28AC3C9D00EED967 /* requestsModel.swift in Sources */,
				2B1FB9A3285F4CCC00C8E2D2 /* HouseViewModel.swift in Sources */,
				2BEB400B28F4AB500022F75F /* ImagePicker.swift in Sources */,
				2B1FB9A1285F4B6A00C8E2D2 /* houseListView.swift in Sources */,
				2B1FB9A5285F4E4900C8E2D2 /* HousesViewModel.swift in Sources */,
				2B1FB970285F31F600C8E2D2 /* InitialPage.swift in Sources */,
				2B1FB9A9285F550100C8E2D2 /* housesListView.swift in Sources */,
				2BDEEAFD287CD0A5009E92AA /* PostView.swift in Sources */,
				2BDEEAEB287CC66C009E92AA /* PostImageView.swift in Sources */,
				2BDEEAF9287CD05C009E92AA /* FeedView.swift in Sources */,
				2B1FB97B285F386100C8E2D2 /* StaffSignUp.swift in Sources */,
				2B1FB99F285F497900C8E2D2 /* House.swift in Sources */,
				2BDEEAF7287CCED0009E92AA /* PostModel.swift in Sources */,
				2BDEEAE9287CC661009E92AA /* UploadScreen.swift in Sources */,
				2BD57CF328D12C8900F57BED /* Detail.swift in Sources */,
				2B1FB974285F354900C8E2D2 /* staffLogin.swift in Sources */,
			);
			runOnlyForDeploymentPostprocessing = 0;
		};
/* End PBXSourcesBuildPhase section */

/* Begin XCBuildConfiguration section */
		2B1FB96A285F2E4D00C8E2D2 /* Debug */ = {
			isa = XCBuildConfiguration;
			buildSettings = {
				ALWAYS_SEARCH_USER_PATHS = NO;
				CLANG_ANALYZER_NONNULL = YES;
				CLANG_ANALYZER_NUMBER_OBJECT_CONVERSION = YES_AGGRESSIVE;
				CLANG_CXX_LANGUAGE_STANDARD = "gnu++17";
				CLANG_ENABLE_MODULES = YES;
				CLANG_ENABLE_OBJC_ARC = YES;
				CLANG_ENABLE_OBJC_WEAK = YES;
				CLANG_WARN_BLOCK_CAPTURE_AUTORELEASING = YES;
				CLANG_WARN_BOOL_CONVERSION = YES;
				CLANG_WARN_COMMA = YES;
				CLANG_WARN_CONSTANT_CONVERSION = YES;
				CLANG_WARN_DEPRECATED_OBJC_IMPLEMENTATIONS = YES;
				CLANG_WARN_DIRECT_OBJC_ISA_USAGE = YES_ERROR;
				CLANG_WARN_DOCUMENTATION_COMMENTS = YES;
				CLANG_WARN_EMPTY_BODY = YES;
				CLANG_WARN_ENUM_CONVERSION = YES;
				CLANG_WARN_INFINITE_RECURSION = YES;
				CLANG_WARN_INT_CONVERSION = YES;
				CLANG_WARN_NON_LITERAL_NULL_CONVERSION = YES;
				CLANG_WARN_OBJC_IMPLICIT_RETAIN_SELF = YES;
				CLANG_WARN_OBJC_LITERAL_CONVERSION = YES;
				CLANG_WARN_OBJC_ROOT_CLASS = YES_ERROR;
				CLANG_WARN_QUOTED_INCLUDE_IN_FRAMEWORK_HEADER = YES;
				CLANG_WARN_RANGE_LOOP_ANALYSIS = YES;
				CLANG_WARN_STRICT_PROTOTYPES = YES;
				CLANG_WARN_SUSPICIOUS_MOVE = YES;
				CLANG_WARN_UNGUARDED_AVAILABILITY = YES_AGGRESSIVE;
				CLANG_WARN_UNREACHABLE_CODE = YES;
				CLANG_WARN__DUPLICATE_METHOD_MATCH = YES;
				COPY_PHASE_STRIP = NO;
				DEBUG_INFORMATION_FORMAT = dwarf;
				ENABLE_STRICT_OBJC_MSGSEND = YES;
				ENABLE_TESTABILITY = YES;
				GCC_C_LANGUAGE_STANDARD = gnu11;
				GCC_DYNAMIC_NO_PIC = NO;
				GCC_NO_COMMON_BLOCKS = YES;
				GCC_OPTIMIZATION_LEVEL = 0;
				GCC_PREPROCESSOR_DEFINITIONS = (
					"DEBUG=1",
					"$(inherited)",
				);
				GCC_WARN_64_TO_32_BIT_CONVERSION = YES;
				GCC_WARN_ABOUT_RETURN_TYPE = YES_ERROR;
				GCC_WARN_UNDECLARED_SELECTOR = YES;
				GCC_WARN_UNINITIALIZED_AUTOS = YES_AGGRESSIVE;
				GCC_WARN_UNUSED_FUNCTION = YES;
				GCC_WARN_UNUSED_VARIABLE = YES;
				IPHONEOS_DEPLOYMENT_TARGET = 15.5;
				MTL_ENABLE_DEBUG_INFO = INCLUDE_SOURCE;
				MTL_FAST_MATH = YES;
				ONLY_ACTIVE_ARCH = YES;
				SDKROOT = iphoneos;
				SWIFT_ACTIVE_COMPILATION_CONDITIONS = DEBUG;
				SWIFT_OPTIMIZATION_LEVEL = "-Onone";
			};
			name = Debug;
		};
		2B1FB96B285F2E4D00C8E2D2 /* Release */ = {
			isa = XCBuildConfiguration;
			buildSettings = {
				ALWAYS_SEARCH_USER_PATHS = NO;
				CLANG_ANALYZER_NONNULL = YES;
				CLANG_ANALYZER_NUMBER_OBJECT_CONVERSION = YES_AGGRESSIVE;
				CLANG_CXX_LANGUAGE_STANDARD = "gnu++17";
				CLANG_ENABLE_MODULES = YES;
				CLANG_ENABLE_OBJC_ARC = YES;
				CLANG_ENABLE_OBJC_WEAK = YES;
				CLANG_WARN_BLOCK_CAPTURE_AUTORELEASING = YES;
				CLANG_WARN_BOOL_CONVERSION = YES;
				CLANG_WARN_COMMA = YES;
				CLANG_WARN_CONSTANT_CONVERSION = YES;
				CLANG_WARN_DEPRECATED_OBJC_IMPLEMENTATIONS = YES;
				CLANG_WARN_DIRECT_OBJC_ISA_USAGE = YES_ERROR;
				CLANG_WARN_DOCUMENTATION_COMMENTS = YES;
				CLANG_WARN_EMPTY_BODY = YES;
				CLANG_WARN_ENUM_CONVERSION = YES;
				CLANG_WARN_INFINITE_RECURSION = YES;
				CLANG_WARN_INT_CONVERSION = YES;
				CLANG_WARN_NON_LITERAL_NULL_CONVERSION = YES;
				CLANG_WARN_OBJC_IMPLICIT_RETAIN_SELF = YES;
				CLANG_WARN_OBJC_LITERAL_CONVERSION = YES;
				CLANG_WARN_OBJC_ROOT_CLASS = YES_ERROR;
				CLANG_WARN_QUOTED_INCLUDE_IN_FRAMEWORK_HEADER = YES;
				CLANG_WARN_RANGE_LOOP_ANALYSIS = YES;
				CLANG_WARN_STRICT_PROTOTYPES = YES;
				CLANG_WARN_SUSPICIOUS_MOVE = YES;
				CLANG_WARN_UNGUARDED_AVAILABILITY = YES_AGGRESSIVE;
				CLANG_WARN_UNREACHABLE_CODE = YES;
				CLANG_WARN__DUPLICATE_METHOD_MATCH = YES;
				COPY_PHASE_STRIP = NO;
				DEBUG_INFORMATION_FORMAT = "dwarf-with-dsym";
				ENABLE_NS_ASSERTIONS = NO;
				ENABLE_STRICT_OBJC_MSGSEND = YES;
				GCC_C_LANGUAGE_STANDARD = gnu11;
				GCC_NO_COMMON_BLOCKS = YES;
				GCC_WARN_64_TO_32_BIT_CONVERSION = YES;
				GCC_WARN_ABOUT_RETURN_TYPE = YES_ERROR;
				GCC_WARN_UNDECLARED_SELECTOR = YES;
				GCC_WARN_UNINITIALIZED_AUTOS = YES_AGGRESSIVE;
				GCC_WARN_UNUSED_FUNCTION = YES;
				GCC_WARN_UNUSED_VARIABLE = YES;
				IPHONEOS_DEPLOYMENT_TARGET = 15.5;
				MTL_ENABLE_DEBUG_INFO = NO;
				MTL_FAST_MATH = YES;
				SDKROOT = iphoneos;
				SWIFT_COMPILATION_MODE = wholemodule;
				SWIFT_OPTIMIZATION_LEVEL = "-O";
				VALIDATE_PRODUCT = YES;
			};
			name = Release;
		};
		2B1FB96D285F2E4D00C8E2D2 /* Debug */ = {
			isa = XCBuildConfiguration;
			buildSettings = {
				ASSETCATALOG_COMPILER_APPICON_NAME = AppIcon;
				ASSETCATALOG_COMPILER_GLOBAL_ACCENT_COLOR_NAME = AccentColor;
				CODE_SIGN_STYLE = Automatic;
				CURRENT_PROJECT_VERSION = 1;
				DEVELOPMENT_ASSET_PATHS = "\"Housing Application/Preview Content\"";
				DEVELOPMENT_TEAM = LUCJTDU9GK;
				ENABLE_PREVIEWS = YES;
				GENERATE_INFOPLIST_FILE = YES;
				INFOPLIST_KEY_UIApplicationSceneManifest_Generation = YES;
				INFOPLIST_KEY_UIApplicationSupportsIndirectInputEvents = YES;
				INFOPLIST_KEY_UILaunchScreen_Generation = YES;
				INFOPLIST_KEY_UISupportedInterfaceOrientations_iPad = "UIInterfaceOrientationPortrait UIInterfaceOrientationPortraitUpsideDown UIInterfaceOrientationLandscapeLeft UIInterfaceOrientationLandscapeRight";
				INFOPLIST_KEY_UISupportedInterfaceOrientations_iPhone = "UIInterfaceOrientationPortrait UIInterfaceOrientationLandscapeLeft UIInterfaceOrientationLandscapeRight";
				LD_RUNPATH_SEARCH_PATHS = (
					"$(inherited)",
					"@executable_path/Frameworks",
				);
				MARKETING_VERSION = 1.0;
				PRODUCT_BUNDLE_IDENTIFIER = "jamesliddle.Housing-Application";
				PRODUCT_NAME = "$(TARGET_NAME)";
				SWIFT_EMIT_LOC_STRINGS = YES;
				SWIFT_VERSION = 5.0;
				TARGETED_DEVICE_FAMILY = "1,2";
			};
			name = Debug;
		};
		2B1FB96E285F2E4D00C8E2D2 /* Release */ = {
			isa = XCBuildConfiguration;
			buildSettings = {
				ASSETCATALOG_COMPILER_APPICON_NAME = AppIcon;
				ASSETCATALOG_COMPILER_GLOBAL_ACCENT_COLOR_NAME = AccentColor;
				CODE_SIGN_STYLE = Automatic;
				CURRENT_PROJECT_VERSION = 1;
				DEVELOPMENT_ASSET_PATHS = "\"Housing Application/Preview Content\"";
				DEVELOPMENT_TEAM = LUCJTDU9GK;
				ENABLE_PREVIEWS = YES;
				GENERATE_INFOPLIST_FILE = YES;
				INFOPLIST_KEY_UIApplicationSceneManifest_Generation = YES;
				INFOPLIST_KEY_UIApplicationSupportsIndirectInputEvents = YES;
				INFOPLIST_KEY_UILaunchScreen_Generation = YES;
				INFOPLIST_KEY_UISupportedInterfaceOrientations_iPad = "UIInterfaceOrientationPortrait UIInterfaceOrientationPortraitUpsideDown UIInterfaceOrientationLandscapeLeft UIInterfaceOrientationLandscapeRight";
				INFOPLIST_KEY_UISupportedInterfaceOrientations_iPhone = "UIInterfaceOrientationPortrait UIInterfaceOrientationLandscapeLeft UIInterfaceOrientationLandscapeRight";
				LD_RUNPATH_SEARCH_PATHS = (
					"$(inherited)",
					"@executable_path/Frameworks",
				);
				MARKETING_VERSION = 1.0;
				PRODUCT_BUNDLE_IDENTIFIER = "jamesliddle.Housing-Application";
				PRODUCT_NAME = "$(TARGET_NAME)";
				SWIFT_EMIT_LOC_STRINGS = YES;
				SWIFT_VERSION = 5.0;
				TARGETED_DEVICE_FAMILY = "1,2";
			};
			name = Release;
		};
/* End XCBuildConfiguration section */

/* Begin XCConfigurationList section */
		2B1FB959285F2E4800C8E2D2 /* Build configuration list for PBXProject "Housing Application" */ = {
			isa = XCConfigurationList;
			buildConfigurations = (
				2B1FB96A285F2E4D00C8E2D2 /* Debug */,
				2B1FB96B285F2E4D00C8E2D2 /* Release */,
			);
			defaultConfigurationIsVisible = 0;
			defaultConfigurationName = Release;
		};
		2B1FB96C285F2E4D00C8E2D2 /* Build configuration list for PBXNativeTarget "Housing Application" */ = {
			isa = XCConfigurationList;
			buildConfigurations = (
				2B1FB96D285F2E4D00C8E2D2 /* Debug */,
				2B1FB96E285F2E4D00C8E2D2 /* Release */,
			);
			defaultConfigurationIsVisible = 0;
			defaultConfigurationName = Release;
		};
/* End XCConfigurationList section */

/* Begin XCRemoteSwiftPackageReference section */
		2B1FB97E285F39C900C8E2D2 /* XCRemoteSwiftPackageReference "firebase-ios-sdk" */ = {
			isa = XCRemoteSwiftPackageReference;
			repositoryURL = "https://github.com/firebase/firebase-ios-sdk";
			requirement = {
				branch = master;
				kind = branch;
			};
		};
		2B1FB98D285F3C4500C8E2D2 /* XCRemoteSwiftPackageReference "firebase-ios-sdk" */ = {
			isa = XCRemoteSwiftPackageReference;
			repositoryURL = "https://github.com/firebase/firebase-ios-sdk";
			requirement = {
				kind = upToNextMajorVersion;
				minimumVersion = 9.0.0;
			};
		};
		2B1FB992285F3DFF00C8E2D2 /* XCRemoteSwiftPackageReference "firebase-ios-sdk" */ = {
			isa = XCRemoteSwiftPackageReference;
			repositoryURL = "https://github.com/firebase/firebase-ios-sdk";
			requirement = {
				kind = upToNextMajorVersion;
				minimumVersion = 9.0.0;
			};
		};
		2B38713A2868F08D009E1020 /* XCRemoteSwiftPackageReference "firebase-ios-sdk" */ = {
			isa = XCRemoteSwiftPackageReference;
			repositoryURL = "https://github.com/firebase/firebase-ios-sdk";
			requirement = {
				branch = master;
				kind = branch;
			};
		};
		2BA1039C28A8531600FDC227 /* XCRemoteSwiftPackageReference "SDWebImageSwiftUI" */ = {
			isa = XCRemoteSwiftPackageReference;
			repositoryURL = "https://github.com/SDWebImage/SDWebImageSwiftUI.git";
			requirement = {
				kind = upToNextMajorVersion;
				minimumVersion = 2.0.0;
			};
		};
		2BC57C7428A9A12A0038F6A4 /* XCRemoteSwiftPackageReference "SDWebImageSwiftUI" */ = {
			isa = XCRemoteSwiftPackageReference;
			repositoryURL = "https://github.com/SDWebImage/SDWebImageSwiftUI.git";
			requirement = {
				kind = upToNextMajorVersion;
				minimumVersion = 2.0.0;
			};
		};
/* End XCRemoteSwiftPackageReference section */

/* Begin XCSwiftPackageProductDependency section */
		2B1FB97F285F39C900C8E2D2 /* FirebaseAnalytics */ = {
			isa = XCSwiftPackageProductDependency;
			package = 2B1FB97E285F39C900C8E2D2 /* XCRemoteSwiftPackageReference "firebase-ios-sdk" */;
			productName = FirebaseAnalytics;
		};
		2B1FB981285F39C900C8E2D2 /* FirebaseAuth */ = {
			isa = XCSwiftPackageProductDependency;
			package = 2B1FB97E285F39C900C8E2D2 /* XCRemoteSwiftPackageReference "firebase-ios-sdk" */;
			productName = FirebaseAuth;
		};
		2B1FB983285F39C900C8E2D2 /* FirebaseFirestore */ = {
			isa = XCSwiftPackageProductDependency;
			package = 2B1FB97E285F39C900C8E2D2 /* XCRemoteSwiftPackageReference "firebase-ios-sdk" */;
			productName = FirebaseFirestore;
		};
		2B1FB985285F39C900C8E2D2 /* FirebaseStorage */ = {
			isa = XCSwiftPackageProductDependency;
			package = 2B1FB97E285F39C900C8E2D2 /* XCRemoteSwiftPackageReference "firebase-ios-sdk" */;
			productName = FirebaseStorage;
		};
		2B1FB987285F39C900C8E2D2 /* FirebaseStorageCombine-Community */ = {
			isa = XCSwiftPackageProductDependency;
			package = 2B1FB97E285F39C900C8E2D2 /* XCRemoteSwiftPackageReference "firebase-ios-sdk" */;
			productName = "FirebaseStorageCombine-Community";
		};
		2B1FB98E285F3C4500C8E2D2 /* FirebaseAuth */ = {
			isa = XCSwiftPackageProductDependency;
			package = 2B1FB98D285F3C4500C8E2D2 /* XCRemoteSwiftPackageReference "firebase-ios-sdk" */;
			productName = FirebaseAuth;
		};
		2B1FB993285F3DFF00C8E2D2 /* FirebaseFirestoreSwift */ = {
			isa = XCSwiftPackageProductDependency;
			package = 2B1FB98D285F3C4500C8E2D2 /* XCRemoteSwiftPackageReference "firebase-ios-sdk" */;
			productName = FirebaseFirestoreSwift;
		};
		2BA1039D28A8531600FDC227 /* SDWebImageSwiftUI */ = {
			isa = XCSwiftPackageProductDependency;
			package = 2BA1039C28A8531600FDC227 /* XCRemoteSwiftPackageReference "SDWebImageSwiftUI" */;
			productName = SDWebImageSwiftUI;
		};
		2BC57C7528A9A12A0038F6A4 /* SDWebImageSwiftUI */ = {
			isa = XCSwiftPackageProductDependency;
			package = 2BA1039C28A8531600FDC227 /* XCRemoteSwiftPackageReference "SDWebImageSwiftUI" */;
			productName = SDWebImageSwiftUI;
		};
/* End XCSwiftPackageProductDependency section */
	};
	rootObject = 2B1FB956285F2E4800C8E2D2 /* Project object */;
}
